{
  "name": "intro-to-programming-and-api",
  "version": "1.0.0",
  "lockfileVersion": 1,
  "requires": true,
  "dependencies": {
    "skyciv": {
      "version": "1.0.1",
      "resolved": "https://registry.npmjs.org/skyciv/-/skyciv-1.0.1.tgz",
      "integrity": "sha512-fn+huwTMucU1uSX2/gp2hxFioEx0azrNuyvyPMbjnnBG7ua1cs5CyH1zNvNSqDS/Fq+Tv7pYx7e0pwROOlfb6w=="
    }
  }
}
